PODS:
  - YoutubePlayer-in-WKWebView (0.2.5)

DEPENDENCIES:
  - YoutubePlayer-in-WKWebView (~> 0.2.0)

SPEC REPOS:
  trunk:
    - YoutubePlayer-in-WKWebView

SPEC CHECKSUMS:
  YoutubePlayer-in-WKWebView: 4dad12b3ece938a6456fa4374df78942f88b485a

PODFILE CHECKSUM: f6610a6fc591d3867069a29eedacde56a42b0352

COCOAPODS: 1.11.2
